
Microsoft Visual Studio Solution File, Format Version 12.00
# Visual Studio Version 17
VisualStudioVersion = 17.11.34909.67
MinimumVisualStudioVersion = 10.0.40219.1
Project("{FAE04EC0-301F-11D3-BF4B-00C04F79EFBC}") = "Jerdan-ShipAI.Server", "Jerdan-ShipAI.Server\Jerdan-ShipAI.Server.csproj", "{251220A1-6B3A-4105-ABC7-5492D167BB97}"
EndProject
Project("{54A90642-561A-4BB1-A94E-469ADEE60C69}") = "jerdan-shipai.client", "jerdan-shipai.client\jerdan-shipai.client.esproj", "{9BB278B7-24E9-4979-B935-0162B2A3A916}"
EndProject
Global
	GlobalSection(SolutionConfigurationPlatforms) = preSolution
		Debug|Any CPU = Debug|Any CPU
		Release|Any CPU = Release|Any CPU
	EndGlobalSection
	GlobalSection(ProjectConfigurationPlatforms) = postSolution
		{251220A1-6B3A-4105-ABC7-5492D167BB97}.Debug|Any CPU.ActiveCfg = Debug|Any CPU
		{251220A1-6B3A-4105-ABC7-5492D167BB97}.Debug|Any CPU.Build.0 = Debug|Any CPU
		{251220A1-6B3A-4105-ABC7-5492D167BB97}.Release|Any CPU.ActiveCfg = Release|Any CPU
		{251220A1-6B3A-4105-ABC7-5492D167BB97}.Release|Any CPU.Build.0 = Release|Any CPU
		{9BB278B7-24E9-4979-B935-0162B2A3A916}.Debug|Any CPU.ActiveCfg = Debug|Any CPU
		{9BB278B7-24E9-4979-B935-0162B2A3A916}.Debug|Any CPU.Build.0 = Debug|Any CPU
		{9BB278B7-24E9-4979-B935-0162B2A3A916}.Debug|Any CPU.Deploy.0 = Debug|Any CPU
		{9BB278B7-24E9-4979-B935-0162B2A3A916}.Release|Any CPU.ActiveCfg = Release|Any CPU
		{9BB278B7-24E9-4979-B935-0162B2A3A916}.Release|Any CPU.Build.0 = Release|Any CPU
		{9BB278B7-24E9-4979-B935-0162B2A3A916}.Release|Any CPU.Deploy.0 = Release|Any CPU
	EndGlobalSection
	GlobalSection(SolutionProperties) = preSolution
		HideSolutionNode = FALSE
	EndGlobalSection
	GlobalSection(ExtensibilityGlobals) = postSolution
		SolutionGuid = {A27ED153-F24F-4230-9D70-513AFAF690C0}
	EndGlobalSection
EndGlobal
